
Microsoft Visual Studio Solution File, Format Version 12.00
# Visual Studio 2013
VisualStudioVersion = 12.0.31101.0
MinimumVisualStudioVersion = 10.0.40219.1
Project("{FAE04EC0-301F-11D3-BF4B-00C04F79EFBC}") = "CalendarAppV4", "CalendarAppV4\CalendarAppV4.csproj", "{A84991AC-C3DC-463B-AC8F-578D70D3F41F}"
EndProject
Project("{FAE04EC0-301F-11D3-BF4B-00C04F79EFBC}") = "MessageBoxManager", "..\MessageBoxManager\MessageBoxManager\MessageBoxManager.csproj", "{0E9D874E-5354-465E-9EC3-F7A35C268A8A}"
EndProject
Project("{FAE04EC0-301F-11D3-BF4B-00C04F79EFBC}") = "Calendar.NET", "..\CalendarNETSource\Calendar.NET\Calendar.NET.csproj", "{6CBC43B6-E950-49B2-B14A-563C50FCD5C3}"
EndProject
Global
	GlobalSection(SolutionConfigurationPlatforms) = preSolution
		Debug|Any CPU = Debug|Any CPU
		Release|Any CPU = Release|Any CPU
	EndGlobalSection
	GlobalSection(ProjectConfigurationPlatforms) = postSolution
		{A84991AC-C3DC-463B-AC8F-578D70D3F41F}.Debug|Any CPU.ActiveCfg = Debug|Any CPU
		{A84991AC-C3DC-463B-AC8F-578D70D3F41F}.Debug|Any CPU.Build.0 = Debug|Any CPU
		{A84991AC-C3DC-463B-AC8F-578D70D3F41F}.Release|Any CPU.ActiveCfg = Release|Any CPU
		{A84991AC-C3DC-463B-AC8F-578D70D3F41F}.Release|Any CPU.Build.0 = Release|Any CPU
		{0E9D874E-5354-465E-9EC3-F7A35C268A8A}.Debug|Any CPU.ActiveCfg = Debug|Any CPU
		{0E9D874E-5354-465E-9EC3-F7A35C268A8A}.Debug|Any CPU.Build.0 = Debug|Any CPU
		{0E9D874E-5354-465E-9EC3-F7A35C268A8A}.Release|Any CPU.ActiveCfg = Release|Any CPU
		{0E9D874E-5354-465E-9EC3-F7A35C268A8A}.Release|Any CPU.Build.0 = Release|Any CPU
		{6CBC43B6-E950-49B2-B14A-563C50FCD5C3}.Debug|Any CPU.ActiveCfg = Debug|Any CPU
		{6CBC43B6-E950-49B2-B14A-563C50FCD5C3}.Debug|Any CPU.Build.0 = Debug|Any CPU
		{6CBC43B6-E950-49B2-B14A-563C50FCD5C3}.Release|Any CPU.ActiveCfg = Release|Any CPU
		{6CBC43B6-E950-49B2-B14A-563C50FCD5C3}.Release|Any CPU.Build.0 = Release|Any CPU
	EndGlobalSection
	GlobalSection(SolutionProperties) = preSolution
		HideSolutionNode = FALSE
	EndGlobalSection
EndGlobal
